
Microsoft Visual Studio Solution File, Format Version 12.00
# Visual Studio 15
VisualStudioVersion = 15.0.27130.2036
MinimumVisualStudioVersion = 10.0.40219.1
Project("{9A19103F-16F7-4668-BE54-9A1E7A4F7556}") = "PapuMart.Business", "PapuMartBusiness\PapuMart.Business.csproj", "{19CD6E18-94D1-4399-A7B4-4E571388C570}"
EndProject
Project("{9A19103F-16F7-4668-BE54-9A1E7A4F7556}") = "PapuMart.Entities", "Entities\PapuMart.Entities.csproj", "{FC29BE1D-9B85-4F95-9F1C-8F3E6AA2B32A}"
EndProject
Project("{9A19103F-16F7-4668-BE54-9A1E7A4F7556}") = "PapuMart.DAL", "DAL\PapuMart.DAL.csproj", "{A757898F-AABF-4EBE-B27E-6D15CAAF3181}"
EndProject
Project("{FAE04EC0-301F-11D3-BF4B-00C04F79EFBC}") = "PapuMart_Test2", "PapuMart_Test2\PapuMart_Test2.csproj", "{EEBC5A8B-3C62-4B14-9E48-6B2C8D322AB5}"
EndProject
Global
	GlobalSection(SolutionConfigurationPlatforms) = preSolution
		Debug|Any CPU = Debug|Any CPU
		Release|Any CPU = Release|Any CPU
	EndGlobalSection
	GlobalSection(ProjectConfigurationPlatforms) = postSolution
		{19CD6E18-94D1-4399-A7B4-4E571388C570}.Debug|Any CPU.ActiveCfg = Debug|Any CPU
		{19CD6E18-94D1-4399-A7B4-4E571388C570}.Debug|Any CPU.Build.0 = Debug|Any CPU
		{19CD6E18-94D1-4399-A7B4-4E571388C570}.Release|Any CPU.ActiveCfg = Release|Any CPU
		{19CD6E18-94D1-4399-A7B4-4E571388C570}.Release|Any CPU.Build.0 = Release|Any CPU
		{FC29BE1D-9B85-4F95-9F1C-8F3E6AA2B32A}.Debug|Any CPU.ActiveCfg = Debug|Any CPU
		{FC29BE1D-9B85-4F95-9F1C-8F3E6AA2B32A}.Debug|Any CPU.Build.0 = Debug|Any CPU
		{FC29BE1D-9B85-4F95-9F1C-8F3E6AA2B32A}.Release|Any CPU.ActiveCfg = Release|Any CPU
		{FC29BE1D-9B85-4F95-9F1C-8F3E6AA2B32A}.Release|Any CPU.Build.0 = Release|Any CPU
		{A757898F-AABF-4EBE-B27E-6D15CAAF3181}.Debug|Any CPU.ActiveCfg = Debug|Any CPU
		{A757898F-AABF-4EBE-B27E-6D15CAAF3181}.Debug|Any CPU.Build.0 = Debug|Any CPU
		{A757898F-AABF-4EBE-B27E-6D15CAAF3181}.Release|Any CPU.ActiveCfg = Release|Any CPU
		{A757898F-AABF-4EBE-B27E-6D15CAAF3181}.Release|Any CPU.Build.0 = Release|Any CPU
		{EEBC5A8B-3C62-4B14-9E48-6B2C8D322AB5}.Debug|Any CPU.ActiveCfg = Debug|Any CPU
		{EEBC5A8B-3C62-4B14-9E48-6B2C8D322AB5}.Debug|Any CPU.Build.0 = Debug|Any CPU
		{EEBC5A8B-3C62-4B14-9E48-6B2C8D322AB5}.Release|Any CPU.ActiveCfg = Release|Any CPU
		{EEBC5A8B-3C62-4B14-9E48-6B2C8D322AB5}.Release|Any CPU.Build.0 = Release|Any CPU
	EndGlobalSection
	GlobalSection(SolutionProperties) = preSolution
		HideSolutionNode = FALSE
	EndGlobalSection
	GlobalSection(ExtensibilityGlobals) = postSolution
		SolutionGuid = {26421DC4-454E-4797-938F-534D4D0A63B4}
	EndGlobalSection
EndGlobal
